
Microsoft Visual Studio Solution File, Format Version 12.00
# Visual Studio 15
VisualStudioVersion = 15.0.27130.0
MinimumVisualStudioVersion = 10.0.40219.1
Project("{FAE04EC0-301F-11D3-BF4B-00C04F79EFBC}") = "examenVoorbereiding", "examenVoorbereiding\examenVoorbereiding.csproj", "{BA826946-B178-4D39-82B8-8F3AB8390F65}"
EndProject
Global
	GlobalSection(SolutionConfigurationPlatforms) = preSolution
		Debug|Any CPU = Debug|Any CPU
		Release|Any CPU = Release|Any CPU
	EndGlobalSection
	GlobalSection(ProjectConfigurationPlatforms) = postSolution
		{BA826946-B178-4D39-82B8-8F3AB8390F65}.Debug|Any CPU.ActiveCfg = Debug|Any CPU
		{BA826946-B178-4D39-82B8-8F3AB8390F65}.Debug|Any CPU.Build.0 = Debug|Any CPU
		{BA826946-B178-4D39-82B8-8F3AB8390F65}.Release|Any CPU.ActiveCfg = Release|Any CPU
		{BA826946-B178-4D39-82B8-8F3AB8390F65}.Release|Any CPU.Build.0 = Release|Any CPU
	EndGlobalSection
	GlobalSection(SolutionProperties) = preSolution
		HideSolutionNode = FALSE
	EndGlobalSection
	GlobalSection(ExtensibilityGlobals) = postSolution
		SolutionGuid = {F9CCB7EA-86FD-4CAA-8897-61100115BDA7}
	EndGlobalSection
EndGlobal
